
Microsoft Visual Studio Solution File, Format Version 12.00
# Visual Studio 2013
VisualStudioVersion = 12.0.40629.0
MinimumVisualStudioVersion = 10.0.40219.1
Project("{FAE04EC0-301F-11D3-BF4B-00C04F79EFBC}") = "COMP123-S2016-Lesson1", "COMP123-S2016-Lesson1\COMP123-S2016-Lesson1.csproj", "{87F0A3CF-9874-41C3-9B1C-75810294E26C}"
EndProject
Project("{FAE04EC0-301F-11D3-BF4B-00C04F79EFBC}") = "HelloWorldTestProject", "UnitTestProject1\HelloWorldTestProject.csproj", "{198FE109-6139-4465-BC3B-F7A8B8F0EACD}"
EndProject
Global
	GlobalSection(SolutionConfigurationPlatforms) = preSolution
		Debug|Any CPU = Debug|Any CPU
		Release|Any CPU = Release|Any CPU
	EndGlobalSection
	GlobalSection(ProjectConfigurationPlatforms) = postSolution
		{87F0A3CF-9874-41C3-9B1C-75810294E26C}.Debug|Any CPU.ActiveCfg = Debug|Any CPU
		{87F0A3CF-9874-41C3-9B1C-75810294E26C}.Debug|Any CPU.Build.0 = Debug|Any CPU
		{87F0A3CF-9874-41C3-9B1C-75810294E26C}.Release|Any CPU.ActiveCfg = Release|Any CPU
		{87F0A3CF-9874-41C3-9B1C-75810294E26C}.Release|Any CPU.Build.0 = Release|Any CPU
		{198FE109-6139-4465-BC3B-F7A8B8F0EACD}.Debug|Any CPU.ActiveCfg = Debug|Any CPU
		{198FE109-6139-4465-BC3B-F7A8B8F0EACD}.Debug|Any CPU.Build.0 = Debug|Any CPU
		{198FE109-6139-4465-BC3B-F7A8B8F0EACD}.Release|Any CPU.ActiveCfg = Release|Any CPU
		{198FE109-6139-4465-BC3B-F7A8B8F0EACD}.Release|Any CPU.Build.0 = Release|Any CPU
	EndGlobalSection
	GlobalSection(SolutionProperties) = preSolution
		HideSolutionNode = FALSE
	EndGlobalSection
EndGlobal
